
Microsoft Visual Studio Solution File, Format Version 12.00
# Visual Studio 14
VisualStudioVersion = 14.0.23107.0
MinimumVisualStudioVersion = 10.0.40219.1
Project("{F2A71F9B-5D33-465A-A702-920D77279786}") = "FSharpReactivePatterns", "FSharpReactivePatterns.fsproj", "{D41A0698-C9E5-42FA-9DE7-97F8B2B9757B}"
EndProject
Global
	GlobalSection(SolutionConfigurationPlatforms) = preSolution
		Debug|Any CPU = Debug|Any CPU
		Release|Any CPU = Release|Any CPU
	EndGlobalSection
	GlobalSection(ProjectConfigurationPlatforms) = postSolution
		{D41A0698-C9E5-42FA-9DE7-97F8B2B9757B}.Debug|Any CPU.ActiveCfg = Debug|Any CPU
		{D41A0698-C9E5-42FA-9DE7-97F8B2B9757B}.Debug|Any CPU.Build.0 = Debug|Any CPU
		{D41A0698-C9E5-42FA-9DE7-97F8B2B9757B}.Release|Any CPU.ActiveCfg = Release|Any CPU
		{D41A0698-C9E5-42FA-9DE7-97F8B2B9757B}.Release|Any CPU.Build.0 = Release|Any CPU
	EndGlobalSection
	GlobalSection(SolutionProperties) = preSolution
		HideSolutionNode = FALSE
	EndGlobalSection
EndGlobal
